
Microsoft Visual Studio Solution File, Format Version 12.00
# Visual Studio Version 16
VisualStudioVersion = 16.0.30011.22
MinimumVisualStudioVersion = 10.0.40219.1
Project("{FAE04EC0-301F-11D3-BF4B-00C04F79EFBC}") = "Blog", "Blog\Blog.csproj", "{679310A8-C54A-4D2E-BDEC-B1BED973BBF7}"
EndProject
Global
	GlobalSection(SolutionConfigurationPlatforms) = preSolution
		Debug|Any CPU = Debug|Any CPU
		Release|Any CPU = Release|Any CPU
	EndGlobalSection
	GlobalSection(ProjectConfigurationPlatforms) = postSolution
		{679310A8-C54A-4D2E-BDEC-B1BED973BBF7}.Debug|Any CPU.ActiveCfg = Debug|Any CPU
		{679310A8-C54A-4D2E-BDEC-B1BED973BBF7}.Debug|Any CPU.Build.0 = Debug|Any CPU
		{679310A8-C54A-4D2E-BDEC-B1BED973BBF7}.Release|Any CPU.ActiveCfg = Release|Any CPU
		{679310A8-C54A-4D2E-BDEC-B1BED973BBF7}.Release|Any CPU.Build.0 = Release|Any CPU
	EndGlobalSection
	GlobalSection(SolutionProperties) = preSolution
		HideSolutionNode = FALSE
	EndGlobalSection
	GlobalSection(ExtensibilityGlobals) = postSolution
		SolutionGuid = {502C9636-1FA9-44D6-B2FE-AF5F3BCC74D0}
	EndGlobalSection
EndGlobal
